// !$*UTF8*$!
{
	archiveVersion = 1;
	classes = {
	};
	objectVersion = 56;
	objects = {

/* Begin PBXBuildFile section */
		270235132C67D4CD00402E20 /* Photo.swift in Sources */ = {isa = PBXBuildFile; fileRef = 270235122C67D4CD00402E20 /* Photo.swift */; };
		270235152C67D74A00402E20 /* PhotosRowCell.swift in Sources */ = {isa = PBXBuildFile; fileRef = 270235142C67D74A00402E20 /* PhotosRowCell.swift */; };
		270235172C67DC9300402E20 /* NetworkManager.swift in Sources */ = {isa = PBXBuildFile; fileRef = 270235162C67DC9300402E20 /* NetworkManager.swift */; };
		270235192C67E27300402E20 /* PhotosListViewModel.swift in Sources */ = {isa = PBXBuildFile; fileRef = 270235182C67E27300402E20 /* PhotosListViewModel.swift */; };
		2702351D2C67EFB000402E20 /* PhotoDetailView.swift in Sources */ = {isa = PBXBuildFile; fileRef = 2702351C2C67EFB000402E20 /* PhotoDetailView.swift */; };
		270235202C682A0600402E20 /* Kingfisher in Frameworks */ = {isa = PBXBuildFile; productRef = 2702351F2C682A0600402E20 /* Kingfisher */; };
		270235242C6837BB00402E20 /* RemoteImage.swift in Sources */ = {isa = PBXBuildFile; fileRef = 270235232C6837BB00402E20 /* RemoteImage.swift */; };
		270235262C6848C700402E20 /* PhotosRowLoadingCell.swift in Sources */ = {isa = PBXBuildFile; fileRef = 270235252C6848C700402E20 /* PhotosRowLoadingCell.swift */; };
		279112EF2C67D06100AE1B87 /* RogramApp.swift in Sources */ = {isa = PBXBuildFile; fileRef = 279112EE2C67D06100AE1B87 /* RogramApp.swift */; };
		279112F12C67D06100AE1B87 /* PhotosListView.swift in Sources */ = {isa = PBXBuildFile; fileRef = 279112F02C67D06100AE1B87 /* PhotosListView.swift */; };
		279112F32C67D06200AE1B87 /* Assets.xcassets in Resources */ = {isa = PBXBuildFile; fileRef = 279112F22C67D06200AE1B87 /* Assets.xcassets */; };
		279112F62C67D06200AE1B87 /* Preview Assets.xcassets in Resources */ = {isa = PBXBuildFile; fileRef = 279112F52C67D06200AE1B87 /* Preview Assets.xcassets */; };
		27D7B94E2C684EEA00DBBD03 /* PhotoDetailLoadingView.swift in Sources */ = {isa = PBXBuildFile; fileRef = 27D7B94D2C684EEA00DBBD03 /* PhotoDetailLoadingView.swift */; };
		27D7B9552C68595F00DBBD03 /* TitleView.swift in Sources */ = {isa = PBXBuildFile; fileRef = 27D7B9542C68595F00DBBD03 /* TitleView.swift */; };
/* End PBXBuildFile section */

/* Begin PBXFileReference section */
		270235122C67D4CD00402E20 /* Photo.swift */ = {isa = PBXFileReference; lastKnownFileType = sourcecode.swift; path = Photo.swift; sourceTree = "<group>"; };
		270235142C67D74A00402E20 /* PhotosRowCell.swift */ = {isa = PBXFileReference; lastKnownFileType = sourcecode.swift; path = PhotosRowCell.swift; sourceTree = "<group>"; };
		270235162C67DC9300402E20 /* NetworkManager.swift */ = {isa = PBXFileReference; lastKnownFileType = sourcecode.swift; path = NetworkManager.swift; sourceTree = "<group>"; };
		270235182C67E27300402E20 /* PhotosListViewModel.swift */ = {isa = PBXFileReference; lastKnownFileType = sourcecode.swift; path = PhotosListViewModel.swift; sourceTree = "<group>"; };
		2702351C2C67EFB000402E20 /* PhotoDetailView.swift */ = {isa = PBXFileReference; lastKnownFileType = sourcecode.swift; path = PhotoDetailView.swift; sourceTree = "<group>"; };
		270235232C6837BB00402E20 /* RemoteImage.swift */ = {isa = PBXFileReference; lastKnownFileType = sourcecode.swift; path = RemoteImage.swift; sourceTree = "<group>"; };
		270235252C6848C700402E20 /* PhotosRowLoadingCell.swift */ = {isa = PBXFileReference; lastKnownFileType = sourcecode.swift; path = PhotosRowLoadingCell.swift; sourceTree = "<group>"; };
		279112EB2C67D06100AE1B87 /* Rogram.app */ = {isa = PBXFileReference; explicitFileType = wrapper.application; includeInIndex = 0; path = Rogram.app; sourceTree = BUILT_PRODUCTS_DIR; };
		279112EE2C67D06100AE1B87 /* RogramApp.swift */ = {isa = PBXFileReference; lastKnownFileType = sourcecode.swift; path = RogramApp.swift; sourceTree = "<group>"; };
		279112F02C67D06100AE1B87 /* PhotosListView.swift */ = {isa = PBXFileReference; lastKnownFileType = sourcecode.swift; path = PhotosListView.swift; sourceTree = "<group>"; };
		279112F22C67D06200AE1B87 /* Assets.xcassets */ = {isa = PBXFileReference; lastKnownFileType = folder.assetcatalog; path = Assets.xcassets; sourceTree = "<group>"; };
		279112F52C67D06200AE1B87 /* Preview Assets.xcassets */ = {isa = PBXFileReference; lastKnownFileType = folder.assetcatalog; path = "Preview Assets.xcassets"; sourceTree = "<group>"; };
		27D7B94D2C684EEA00DBBD03 /* PhotoDetailLoadingView.swift */ = {isa = PBXFileReference; lastKnownFileType = sourcecode.swift; path = PhotoDetailLoadingView.swift; sourceTree = "<group>"; };
		27D7B9542C68595F00DBBD03 /* TitleView.swift */ = {isa = PBXFileReference; lastKnownFileType = sourcecode.swift; path = TitleView.swift; sourceTree = "<group>"; };
/* End PBXFileReference section */

/* Begin PBXFrameworksBuildPhase section */
		279112E82C67D06100AE1B87 /* Frameworks */ = {
			isa = PBXFrameworksBuildPhase;
			buildActionMask = 2147483647;
			files = (
				270235202C682A0600402E20 /* Kingfisher in Frameworks */,
			);
			runOnlyForDeploymentPostprocessing = 0;
		};
/* End PBXFrameworksBuildPhase section */

/* Begin PBXGroup section */
		279112E22C67D06100AE1B87 = {
			isa = PBXGroup;
			children = (
				279112ED2C67D06100AE1B87 /* Rogram */,
				279112EC2C67D06100AE1B87 /* Products */,
			);
			sourceTree = "<group>";
		};
		279112EC2C67D06100AE1B87 /* Products */ = {
			isa = PBXGroup;
			children = (
				279112EB2C67D06100AE1B87 /* Rogram.app */,
			);
			name = Products;
			sourceTree = "<group>";
		};
		279112ED2C67D06100AE1B87 /* Rogram */ = {
			isa = PBXGroup;
			children = (
				279112EE2C67D06100AE1B87 /* RogramApp.swift */,
				27D7B94F2C68524900DBBD03 /* Models */,
				27D7B9522C6852EA00DBBD03 /* Managers */,
				27D7B9502C68526400DBBD03 /* PhotosList */,
				27D7B9512C68528600DBBD03 /* PhotosDetail */,
				27D7B9532C68530000DBBD03 /* Helpers */,
				279112F22C67D06200AE1B87 /* Assets.xcassets */,
				279112F42C67D06200AE1B87 /* Preview Content */,
			);
			path = Rogram;
			sourceTree = "<group>";
		};
		279112F42C67D06200AE1B87 /* Preview Content */ = {
			isa = PBXGroup;
			children = (
				279112F52C67D06200AE1B87 /* Preview Assets.xcassets */,
			);
			path = "Preview Content";
			sourceTree = "<group>";
		};
		27D7B94F2C68524900DBBD03 /* Models */ = {
			isa = PBXGroup;
			children = (
				270235122C67D4CD00402E20 /* Photo.swift */,
			);
			path = Models;
			sourceTree = "<group>";
		};
		27D7B9502C68526400DBBD03 /* PhotosList */ = {
			isa = PBXGroup;
			children = (
				279112F02C67D06100AE1B87 /* PhotosListView.swift */,
				270235142C67D74A00402E20 /* PhotosRowCell.swift */,
				270235182C67E27300402E20 /* PhotosListViewModel.swift */,
				270235252C6848C700402E20 /* PhotosRowLoadingCell.swift */,
			);
			path = PhotosList;
			sourceTree = "<group>";
		};
		27D7B9512C68528600DBBD03 /* PhotosDetail */ = {
			isa = PBXGroup;
			children = (
				2702351C2C67EFB000402E20 /* PhotoDetailView.swift */,
				27D7B94D2C684EEA00DBBD03 /* PhotoDetailLoadingView.swift */,
				27D7B9542C68595F00DBBD03 /* TitleView.swift */,
			);
			path = PhotosDetail;
			sourceTree = "<group>";
		};
		27D7B9522C6852EA00DBBD03 /* Managers */ = {
			isa = PBXGroup;
			children = (
				270235162C67DC9300402E20 /* NetworkManager.swift */,
			);
			path = Managers;
			sourceTree = "<group>";
		};
		27D7B9532C68530000DBBD03 /* Helpers */ = {
			isa = PBXGroup;
			children = (
				270235232C6837BB00402E20 /* RemoteImage.swift */,
			);
			path = Helpers;
			sourceTree = "<group>";
		};
/* End PBXGroup section */

/* Begin PBXNativeTarget section */
		279112EA2C67D06100AE1B87 /* Rogram */ = {
			isa = PBXNativeTarget;
			buildConfigurationList = 279112F92C67D06200AE1B87 /* Build configuration list for PBXNativeTarget "Rogram" */;
			buildPhases = (
				279112E72C67D06100AE1B87 /* Sources */,
				279112E82C67D06100AE1B87 /* Frameworks */,
				279112E92C67D06100AE1B87 /* Resources */,
			);
			buildRules = (
			);
			dependencies = (
			);
			name = Rogram;
			packageProductDependencies = (
				2702351F2C682A0600402E20 /* Kingfisher */,
			);
			productName = Rogram;
			productReference = 279112EB2C67D06100AE1B87 /* Rogram.app */;
			productType = "com.apple.product-type.application";
		};
/* End PBXNativeTarget section */

/* Begin PBXProject section */
		279112E32C67D06100AE1B87 /* Project object */ = {
			isa = PBXProject;
			attributes = {
				BuildIndependentTargetsInParallel = 1;
				LastSwiftUpdateCheck = 1540;
				LastUpgradeCheck = 1540;
				TargetAttributes = {
					279112EA2C67D06100AE1B87 = {
						CreatedOnToolsVersion = 15.4;
					};
				};
			};
			buildConfigurationList = 279112E62C67D06100AE1B87 /* Build configuration list for PBXProject "Rogram" */;
			compatibilityVersion = "Xcode 14.0";
			developmentRegion = en;
			hasScannedForEncodings = 0;
			knownRegions = (
				en,
				Base,
			);
			mainGroup = 279112E22C67D06100AE1B87;
			packageReferences = (
				2702351E2C682A0600402E20 /* XCRemoteSwiftPackageReference "Kingfisher" */,
			);
			productRefGroup = 279112EC2C67D06100AE1B87 /* Products */;
			projectDirPath = "";
			projectRoot = "";
			targets = (
				279112EA2C67D06100AE1B87 /* Rogram */,
			);
		};
/* End PBXProject section */

/* Begin PBXResourcesBuildPhase section */
		279112E92C67D06100AE1B87 /* Resources */ = {
			isa = PBXResourcesBuildPhase;
			buildActionMask = 2147483647;
			files = (
				279112F62C67D06200AE1B87 /* Preview Assets.xcassets in Resources */,
				279112F32C67D06200AE1B87 /* Assets.xcassets in Resources */,
			);
			runOnlyForDeploymentPostprocessing = 0;
		};
/* End PBXResourcesBuildPhase section */

/* Begin PBXSourcesBuildPhase section */
		279112E72C67D06100AE1B87 /* Sources */ = {
			isa = PBXSourcesBuildPhase;
			buildActionMask = 2147483647;
			files = (
				270235132C67D4CD00402E20 /* Photo.swift in Sources */,
				279112F12C67D06100AE1B87 /* PhotosListView.swift in Sources */,
				2702351D2C67EFB000402E20 /* PhotoDetailView.swift in Sources */,
				270235262C6848C700402E20 /* PhotosRowLoadingCell.swift in Sources */,
				270235172C67DC9300402E20 /* NetworkManager.swift in Sources */,
				279112EF2C67D06100AE1B87 /* RogramApp.swift in Sources */,
				270235152C67D74A00402E20 /* PhotosRowCell.swift in Sources */,
				270235242C6837BB00402E20 /* RemoteImage.swift in Sources */,
				27D7B9552C68595F00DBBD03 /* TitleView.swift in Sources */,
				270235192C67E27300402E20 /* PhotosListViewModel.swift in Sources */,
				27D7B94E2C684EEA00DBBD03 /* PhotoDetailLoadingView.swift in Sources */,
			);
			runOnlyForDeploymentPostprocessing = 0;
		};
/* End PBXSourcesBuildPhase section */

/* Begin XCBuildConfiguration section */
		279112F72C67D06200AE1B87 /* Debug */ = {
			isa = XCBuildConfiguration;
			buildSettings = {
				ALWAYS_SEARCH_USER_PATHS = NO;
				ASSETCATALOG_COMPILER_GENERATE_SWIFT_ASSET_SYMBOL_EXTENSIONS = YES;
				CLANG_ANALYZER_NONNULL = YES;
				CLANG_ANALYZER_NUMBER_OBJECT_CONVERSION = YES_AGGRESSIVE;
				CLANG_CXX_LANGUAGE_STANDARD = "gnu++20";
				CLANG_ENABLE_MODULES = YES;
				CLANG_ENABLE_OBJC_ARC = YES;
				CLANG_ENABLE_OBJC_WEAK = YES;
				CLANG_WARN_BLOCK_CAPTURE_AUTORELEASING = YES;
				CLANG_WARN_BOOL_CONVERSION = YES;
				CLANG_WARN_COMMA = YES;
				CLANG_WARN_CONSTANT_CONVERSION = YES;
				CLANG_WARN_DEPRECATED_OBJC_IMPLEMENTATIONS = YES;
				CLANG_WARN_DIRECT_OBJC_ISA_USAGE = YES_ERROR;
				CLANG_WARN_DOCUMENTATION_COMMENTS = YES;
				CLANG_WARN_EMPTY_BODY = YES;
				CLANG_WARN_ENUM_CONVERSION = YES;
				CLANG_WARN_INFINITE_RECURSION = YES;
				CLANG_WARN_INT_CONVERSION = YES;
				CLANG_WARN_NON_LITERAL_NULL_CONVERSION = YES;
				CLANG_WARN_OBJC_IMPLICIT_RETAIN_SELF = YES;
				CLANG_WARN_OBJC_LITERAL_CONVERSION = YES;
				CLANG_WARN_OBJC_ROOT_CLASS = YES_ERROR;
				CLANG_WARN_QUOTED_INCLUDE_IN_FRAMEWORK_HEADER = YES;
				CLANG_WARN_RANGE_LOOP_ANALYSIS = YES;
				CLANG_WARN_STRICT_PROTOTYPES = YES;
				CLANG_WARN_SUSPICIOUS_MOVE = YES;
				CLANG_WARN_UNGUARDED_AVAILABILITY = YES_AGGRESSIVE;
				CLANG_WARN_UNREACHABLE_CODE = YES;
				CLANG_WARN__DUPLICATE_METHOD_MATCH = YES;
				COPY_PHASE_STRIP = NO;
				DEBUG_INFORMATION_FORMAT = dwarf;
				ENABLE_STRICT_OBJC_MSGSEND = YES;
				ENABLE_TESTABILITY = YES;
				ENABLE_USER_SCRIPT_SANDBOXING = YES;
				GCC_C_LANGUAGE_STANDARD = gnu17;
				GCC_DYNAMIC_NO_PIC = NO;
				GCC_NO_COMMON_BLOCKS = YES;
				GCC_OPTIMIZATION_LEVEL = 0;
				GCC_PREPROCESSOR_DEFINITIONS = (
					"DEBUG=1",
					"$(inherited)",
				);
				GCC_WARN_64_TO_32_BIT_CONVERSION = YES;
				GCC_WARN_ABOUT_RETURN_TYPE = YES_ERROR;
				GCC_WARN_UNDECLARED_SELECTOR = YES;
				GCC_WARN_UNINITIALIZED_AUTOS = YES_AGGRESSIVE;
				GCC_WARN_UNUSED_FUNCTION = YES;
				GCC_WARN_UNUSED_VARIABLE = YES;
				IPHONEOS_DEPLOYMENT_TARGET = 17.5;
				LOCALIZATION_PREFERS_STRING_CATALOGS = YES;
				MTL_ENABLE_DEBUG_INFO = INCLUDE_SOURCE;
				MTL_FAST_MATH = YES;
				ONLY_ACTIVE_ARCH = YES;
				SDKROOT = iphoneos;
				SWIFT_ACTIVE_COMPILATION_CONDITIONS = "DEBUG $(inherited)";
				SWIFT_OPTIMIZATION_LEVEL = "-Onone";
			};
			name = Debug;
		};
		279112F82C67D06200AE1B87 /* Release */ = {
			isa = XCBuildConfiguration;
			buildSettings = {
				ALWAYS_SEARCH_USER_PATHS = NO;
				ASSETCATALOG_COMPILER_GENERATE_SWIFT_ASSET_SYMBOL_EXTENSIONS = YES;
				CLANG_ANALYZER_NONNULL = YES;
				CLANG_ANALYZER_NUMBER_OBJECT_CONVERSION = YES_AGGRESSIVE;
				CLANG_CXX_LANGUAGE_STANDARD = "gnu++20";
				CLANG_ENABLE_MODULES = YES;
				CLANG_ENABLE_OBJC_ARC = YES;
				CLANG_ENABLE_OBJC_WEAK = YES;
				CLANG_WARN_BLOCK_CAPTURE_AUTORELEASING = YES;
				CLANG_WARN_BOOL_CONVERSION = YES;
				CLANG_WARN_COMMA = YES;
				CLANG_WARN_CONSTANT_CONVERSION = YES;
				CLANG_WARN_DEPRECATED_OBJC_IMPLEMENTATIONS = YES;
				CLANG_WARN_DIRECT_OBJC_ISA_USAGE = YES_ERROR;
				CLANG_WARN_DOCUMENTATION_COMMENTS = YES;
				CLANG_WARN_EMPTY_BODY = YES;
				CLANG_WARN_ENUM_CONVERSION = YES;
				CLANG_WARN_INFINITE_RECURSION = YES;
				CLANG_WARN_INT_CONVERSION = YES;
				CLANG_WARN_NON_LITERAL_NULL_CONVERSION = YES;
				CLANG_WARN_OBJC_IMPLICIT_RETAIN_SELF = YES;
				CLANG_WARN_OBJC_LITERAL_CONVERSION = YES;
				CLANG_WARN_OBJC_ROOT_CLASS = YES_ERROR;
				CLANG_WARN_QUOTED_INCLUDE_IN_FRAMEWORK_HEADER = YES;
				CLANG_WARN_RANGE_LOOP_ANALYSIS = YES;
				CLANG_WARN_STRICT_PROTOTYPES = YES;
				CLANG_WARN_SUSPICIOUS_MOVE = YES;
				CLANG_WARN_UNGUARDED_AVAILABILITY = YES_AGGRESSIVE;
				CLANG_WARN_UNREACHABLE_CODE = YES;
				CLANG_WARN__DUPLICATE_METHOD_MATCH = YES;
				COPY_PHASE_STRIP = NO;
				DEBUG_INFORMATION_FORMAT = "dwarf-with-dsym";
				ENABLE_NS_ASSERTIONS = NO;
				ENABLE_STRICT_OBJC_MSGSEND = YES;
				ENABLE_USER_SCRIPT_SANDBOXING = YES;
				GCC_C_LANGUAGE_STANDARD = gnu17;
				GCC_NO_COMMON_BLOCKS = YES;
				GCC_WARN_64_TO_32_BIT_CONVERSION = YES;
				GCC_WARN_ABOUT_RETURN_TYPE = YES_ERROR;
				GCC_WARN_UNDECLARED_SELECTOR = YES;
				GCC_WARN_UNINITIALIZED_AUTOS = YES_AGGRESSIVE;
				GCC_WARN_UNUSED_FUNCTION = YES;
				GCC_WARN_UNUSED_VARIABLE = YES;
				IPHONEOS_DEPLOYMENT_TARGET = 17.5;
				LOCALIZATION_PREFERS_STRING_CATALOGS = YES;
				MTL_ENABLE_DEBUG_INFO = NO;
				MTL_FAST_MATH = YES;
				SDKROOT = iphoneos;
				SWIFT_COMPILATION_MODE = wholemodule;
				VALIDATE_PRODUCT = YES;
			};
			name = Release;
		};
		279112FA2C67D06200AE1B87 /* Debug */ = {
			isa = XCBuildConfiguration;
			buildSettings = {
				ASSETCATALOG_COMPILER_APPICON_NAME = AppIcon;
				ASSETCATALOG_COMPILER_GLOBAL_ACCENT_COLOR_NAME = AccentColor;
				CODE_SIGN_STYLE = Automatic;
				CURRENT_PROJECT_VERSION = 1;
				DEVELOPMENT_ASSET_PATHS = "\"Rogram/Preview Content\"";
				DEVELOPMENT_TEAM = GVKK7BHHAM;
				ENABLE_PREVIEWS = YES;
				GENERATE_INFOPLIST_FILE = YES;
				INFOPLIST_KEY_UIApplicationSceneManifest_Generation = YES;
				INFOPLIST_KEY_UIApplicationSupportsIndirectInputEvents = YES;
				INFOPLIST_KEY_UILaunchScreen_Generation = YES;
				INFOPLIST_KEY_UISupportedInterfaceOrientations_iPad = "UIInterfaceOrientationPortrait UIInterfaceOrientationPortraitUpsideDown UIInterfaceOrientationLandscapeLeft UIInterfaceOrientationLandscapeRight";
				INFOPLIST_KEY_UISupportedInterfaceOrientations_iPhone = "UIInterfaceOrientationPortrait UIInterfaceOrientationLandscapeLeft UIInterfaceOrientationLandscapeRight";
				LD_RUNPATH_SEARCH_PATHS = (
					"$(inherited)",
					"@executable_path/Frameworks",
				);
				MARKETING_VERSION = 1.0;
				PRODUCT_BUNDLE_IDENTIFIER = me.Rogram;
				PRODUCT_NAME = "$(TARGET_NAME)";
				SUPPORTED_PLATFORMS = "iphoneos iphonesimulator";
				SUPPORTS_MACCATALYST = NO;
				SUPPORTS_MAC_DESIGNED_FOR_IPHONE_IPAD = NO;
				SUPPORTS_XR_DESIGNED_FOR_IPHONE_IPAD = NO;
				SWIFT_EMIT_LOC_STRINGS = YES;
				SWIFT_VERSION = 5.0;
				TARGETED_DEVICE_FAMILY = 1;
			};
			name = Debug;
		};
		279112FB2C67D06200AE1B87 /* Release */ = {
			isa = XCBuildConfiguration;
			buildSettings = {
				ASSETCATALOG_COMPILER_APPICON_NAME = AppIcon;
				ASSETCATALOG_COMPILER_GLOBAL_ACCENT_COLOR_NAME = AccentColor;
				CODE_SIGN_STYLE = Automatic;
				CURRENT_PROJECT_VERSION = 1;
				DEVELOPMENT_ASSET_PATHS = "\"Rogram/Preview Content\"";
				DEVELOPMENT_TEAM = GVKK7BHHAM;
				ENABLE_PREVIEWS = YES;
				GENERATE_INFOPLIST_FILE = YES;
				INFOPLIST_KEY_UIApplicationSceneManifest_Generation = YES;
				INFOPLIST_KEY_UIApplicationSupportsIndirectInputEvents = YES;
				INFOPLIST_KEY_UILaunchScreen_Generation = YES;
				INFOPLIST_KEY_UISupportedInterfaceOrientations_iPad = "UIInterfaceOrientationPortrait UIInterfaceOrientationPortraitUpsideDown UIInterfaceOrientationLandscapeLeft UIInterfaceOrientationLandscapeRight";
				INFOPLIST_KEY_UISupportedInterfaceOrientations_iPhone = "UIInterfaceOrientationPortrait UIInterfaceOrientationLandscapeLeft UIInterfaceOrientationLandscapeRight";
				LD_RUNPATH_SEARCH_PATHS = (
					"$(inherited)",
					"@executable_path/Frameworks",
				);
				MARKETING_VERSION = 1.0;
				PRODUCT_BUNDLE_IDENTIFIER = me.Rogram;
				PRODUCT_NAME = "$(TARGET_NAME)";
				SUPPORTED_PLATFORMS = "iphoneos iphonesimulator";
				SUPPORTS_MACCATALYST = NO;
				SUPPORTS_MAC_DESIGNED_FOR_IPHONE_IPAD = NO;
				SUPPORTS_XR_DESIGNED_FOR_IPHONE_IPAD = NO;
				SWIFT_EMIT_LOC_STRINGS = YES;
				SWIFT_VERSION = 5.0;
				TARGETED_DEVICE_FAMILY = 1;
			};
			name = Release;
		};
/* End XCBuildConfiguration section */

/* Begin XCConfigurationList section */
		279112E62C67D06100AE1B87 /* Build configuration list for PBXProject "Rogram" */ = {
			isa = XCConfigurationList;
			buildConfigurations = (
				279112F72C67D06200AE1B87 /* Debug */,
				279112F82C67D06200AE1B87 /* Release */,
			);
			defaultConfigurationIsVisible = 0;
			defaultConfigurationName = Release;
		};
		279112F92C67D06200AE1B87 /* Build configuration list for PBXNativeTarget "Rogram" */ = {
			isa = XCConfigurationList;
			buildConfigurations = (
				279112FA2C67D06200AE1B87 /* Debug */,
				279112FB2C67D06200AE1B87 /* Release */,
			);
			defaultConfigurationIsVisible = 0;
			defaultConfigurationName = Release;
		};
/* End XCConfigurationList section */

/* Begin XCRemoteSwiftPackageReference section */
		2702351E2C682A0600402E20 /* XCRemoteSwiftPackageReference "Kingfisher" */ = {
			isa = XCRemoteSwiftPackageReference;
			repositoryURL = "https://github.com/onevcat/Kingfisher.git";
			requirement = {
				kind = exactVersion;
				version = 7.12.0;
			};
		};
/* End XCRemoteSwiftPackageReference section */

/* Begin XCSwiftPackageProductDependency section */
		2702351F2C682A0600402E20 /* Kingfisher */ = {
			isa = XCSwiftPackageProductDependency;
			package = 2702351E2C682A0600402E20 /* XCRemoteSwiftPackageReference "Kingfisher" */;
			productName = Kingfisher;
		};
/* End XCSwiftPackageProductDependency section */
	};
	rootObject = 279112E32C67D06100AE1B87 /* Project object */;
}
